
Microsoft Visual Studio Solution File, Format Version 12.00
# Visual Studio Version 17
VisualStudioVersion = 17.5.002.0
MinimumVisualStudioVersion = 10.0.40219.1
Project("{FAE04EC0-301F-11D3-BF4B-00C04F79EFBC}") = "NotApp2", "Console\NotApp2.csproj", "{1674BE7D-1159-4775-A5C4-4617D447D111}"
EndProject
Project("{FAE04EC0-301F-11D3-BF4B-00C04F79EFBC}") = "Domain", "Domain\Domain.csproj", "{2AA192B2-C036-4A6B-B9A1-ADA1ED327A32}"
EndProject
Global
	GlobalSection(SolutionConfigurationPlatforms) = preSolution
		Debug|Any CPU = Debug|Any CPU
		Release|Any CPU = Release|Any CPU
	EndGlobalSection
	GlobalSection(ProjectConfigurationPlatforms) = postSolution
		{1674BE7D-1159-4775-A5C4-4617D447D111}.Debug|Any CPU.ActiveCfg = Debug|Any CPU
		{1674BE7D-1159-4775-A5C4-4617D447D111}.Debug|Any CPU.Build.0 = Debug|Any CPU
		{1674BE7D-1159-4775-A5C4-4617D447D111}.Release|Any CPU.ActiveCfg = Release|Any CPU
		{1674BE7D-1159-4775-A5C4-4617D447D111}.Release|Any CPU.Build.0 = Release|Any CPU
		{2AA192B2-C036-4A6B-B9A1-ADA1ED327A32}.Debug|Any CPU.ActiveCfg = Debug|Any CPU
		{2AA192B2-C036-4A6B-B9A1-ADA1ED327A32}.Debug|Any CPU.Build.0 = Debug|Any CPU
		{2AA192B2-C036-4A6B-B9A1-ADA1ED327A32}.Release|Any CPU.ActiveCfg = Release|Any CPU
		{2AA192B2-C036-4A6B-B9A1-ADA1ED327A32}.Release|Any CPU.Build.0 = Release|Any CPU
	EndGlobalSection
	GlobalSection(SolutionProperties) = preSolution
		HideSolutionNode = FALSE
	EndGlobalSection
	GlobalSection(ExtensibilityGlobals) = postSolution
		SolutionGuid = {A09F8265-25DE-46EB-BC7D-08C195BC28C1}
	EndGlobalSection
EndGlobal
