
Microsoft Visual Studio Solution File, Format Version 12.00
# Visual Studio Version 17
VisualStudioVersion = 17.5.002.0
MinimumVisualStudioVersion = 10.0.40219.1
Project("{9A19103F-16F7-4668-BE54-9A1E7A4F7556}") = "SolveMeFirst", "SolveMeFirst\SolveMeFirst.csproj", "{4138E08B-1DAA-48A3-82EB-5113361557AF}"
EndProject
Project("{FAE04EC0-301F-11D3-BF4B-00C04F79EFBC}") = "SimpleArraySum", "SimpleArraySum\SimpleArraySum.csproj", "{3F238EB5-A923-44CB-B9F0-FBFADFF7A2AC}"
EndProject
Project("{FAE04EC0-301F-11D3-BF4B-00C04F79EFBC}") = "DiagonalDifference", "DiagonalDifference\DiagonalDifference.csproj", "{E65296D4-3403-43F7-832D-8EE90475C9BD}"
EndProject
Project("{FAE04EC0-301F-11D3-BF4B-00C04F79EFBC}") = "PlusMinus", "PlusMinus\PlusMinus.csproj", "{2FFA6BA9-D5A1-489E-B705-0680AA34D406}"
EndProject
Project("{FAE04EC0-301F-11D3-BF4B-00C04F79EFBC}") = "MiniMaxSum", "MiniMaxSum\MiniMaxSum.csproj", "{8EF2A824-B439-4295-BE6F-EE15965BAC8E}"
EndProject
Global
	GlobalSection(SolutionConfigurationPlatforms) = preSolution
		Debug|Any CPU = Debug|Any CPU
		Release|Any CPU = Release|Any CPU
	EndGlobalSection
	GlobalSection(ProjectConfigurationPlatforms) = postSolution
		{4138E08B-1DAA-48A3-82EB-5113361557AF}.Debug|Any CPU.ActiveCfg = Debug|Any CPU
		{4138E08B-1DAA-48A3-82EB-5113361557AF}.Debug|Any CPU.Build.0 = Debug|Any CPU
		{4138E08B-1DAA-48A3-82EB-5113361557AF}.Release|Any CPU.ActiveCfg = Release|Any CPU
		{4138E08B-1DAA-48A3-82EB-5113361557AF}.Release|Any CPU.Build.0 = Release|Any CPU
		{3F238EB5-A923-44CB-B9F0-FBFADFF7A2AC}.Debug|Any CPU.ActiveCfg = Debug|Any CPU
		{3F238EB5-A923-44CB-B9F0-FBFADFF7A2AC}.Debug|Any CPU.Build.0 = Debug|Any CPU
		{3F238EB5-A923-44CB-B9F0-FBFADFF7A2AC}.Release|Any CPU.ActiveCfg = Release|Any CPU
		{3F238EB5-A923-44CB-B9F0-FBFADFF7A2AC}.Release|Any CPU.Build.0 = Release|Any CPU
		{E65296D4-3403-43F7-832D-8EE90475C9BD}.Debug|Any CPU.ActiveCfg = Debug|Any CPU
		{E65296D4-3403-43F7-832D-8EE90475C9BD}.Debug|Any CPU.Build.0 = Debug|Any CPU
		{E65296D4-3403-43F7-832D-8EE90475C9BD}.Release|Any CPU.ActiveCfg = Release|Any CPU
		{E65296D4-3403-43F7-832D-8EE90475C9BD}.Release|Any CPU.Build.0 = Release|Any CPU
		{2FFA6BA9-D5A1-489E-B705-0680AA34D406}.Debug|Any CPU.ActiveCfg = Debug|Any CPU
		{2FFA6BA9-D5A1-489E-B705-0680AA34D406}.Debug|Any CPU.Build.0 = Debug|Any CPU
		{2FFA6BA9-D5A1-489E-B705-0680AA34D406}.Release|Any CPU.ActiveCfg = Release|Any CPU
		{2FFA6BA9-D5A1-489E-B705-0680AA34D406}.Release|Any CPU.Build.0 = Release|Any CPU
		{8EF2A824-B439-4295-BE6F-EE15965BAC8E}.Debug|Any CPU.ActiveCfg = Debug|Any CPU
		{8EF2A824-B439-4295-BE6F-EE15965BAC8E}.Debug|Any CPU.Build.0 = Debug|Any CPU
		{8EF2A824-B439-4295-BE6F-EE15965BAC8E}.Release|Any CPU.ActiveCfg = Release|Any CPU
		{8EF2A824-B439-4295-BE6F-EE15965BAC8E}.Release|Any CPU.Build.0 = Release|Any CPU
	EndGlobalSection
	GlobalSection(SolutionProperties) = preSolution
		HideSolutionNode = FALSE
	EndGlobalSection
	GlobalSection(ExtensibilityGlobals) = postSolution
		SolutionGuid = {32AB23D2-A076-43F2-BCF0-8FD328FC6F28}
	EndGlobalSection
EndGlobal
