
Microsoft Visual Studio Solution File, Format Version 12.00
# Visual Studio Version 17
VisualStudioVersion = 17.5.002.0
MinimumVisualStudioVersion = 10.0.40219.1
Project("{9A19103F-16F7-4668-BE54-9A1E7A4F7556}") = "Spovify.Domain", "Spovify.Domain\Spovify.Domain.csproj", "{388745FB-1553-4F19-8599-64F4DC48B904}"
EndProject
Project("{FAE04EC0-301F-11D3-BF4B-00C04F79EFBC}") = "Spovify.Presentation", "Spovify.Presentation\Spovify.Presentation.csproj", "{23029E0C-AF53-4566-AFCA-157BD00AB45E}"
EndProject
Global
	GlobalSection(SolutionConfigurationPlatforms) = preSolution
		Debug|Any CPU = Debug|Any CPU
		Release|Any CPU = Release|Any CPU
	EndGlobalSection
	GlobalSection(ProjectConfigurationPlatforms) = postSolution
		{388745FB-1553-4F19-8599-64F4DC48B904}.Debug|Any CPU.ActiveCfg = Debug|Any CPU
		{388745FB-1553-4F19-8599-64F4DC48B904}.Debug|Any CPU.Build.0 = Debug|Any CPU
		{388745FB-1553-4F19-8599-64F4DC48B904}.Release|Any CPU.ActiveCfg = Release|Any CPU
		{388745FB-1553-4F19-8599-64F4DC48B904}.Release|Any CPU.Build.0 = Release|Any CPU
		{23029E0C-AF53-4566-AFCA-157BD00AB45E}.Debug|Any CPU.ActiveCfg = Debug|Any CPU
		{23029E0C-AF53-4566-AFCA-157BD00AB45E}.Debug|Any CPU.Build.0 = Debug|Any CPU
		{23029E0C-AF53-4566-AFCA-157BD00AB45E}.Release|Any CPU.ActiveCfg = Release|Any CPU
		{23029E0C-AF53-4566-AFCA-157BD00AB45E}.Release|Any CPU.Build.0 = Release|Any CPU
	EndGlobalSection
	GlobalSection(SolutionProperties) = preSolution
		HideSolutionNode = FALSE
	EndGlobalSection
	GlobalSection(ExtensibilityGlobals) = postSolution
		SolutionGuid = {04C60550-91F6-4F2D-93EA-36E36500E180}
	EndGlobalSection
EndGlobal
