
Microsoft Visual Studio Solution File, Format Version 12.00
# Visual Studio Version 17
VisualStudioVersion = 17.5.002.0
MinimumVisualStudioVersion = 10.0.40219.1
Project("{9A19103F-16F7-4668-BE54-9A1E7A4F7556}") = "App.Domain", "App.Domain\App.Domain.csproj", "{6A3B15EB-4EB5-4218-9CBE-8CCD792AB6B5}"
EndProject
Project("{9A19103F-16F7-4668-BE54-9A1E7A4F7556}") = "App.WebAPI", "App.WebAPI\App.WebAPI.csproj", "{95753779-4E4D-4552-9DC7-47CEBCAB41FB}"
EndProject
Global
	GlobalSection(SolutionConfigurationPlatforms) = preSolution
		Debug|Any CPU = Debug|Any CPU
		Release|Any CPU = Release|Any CPU
	EndGlobalSection
	GlobalSection(ProjectConfigurationPlatforms) = postSolution
		{6A3B15EB-4EB5-4218-9CBE-8CCD792AB6B5}.Debug|Any CPU.ActiveCfg = Debug|Any CPU
		{6A3B15EB-4EB5-4218-9CBE-8CCD792AB6B5}.Debug|Any CPU.Build.0 = Debug|Any CPU
		{6A3B15EB-4EB5-4218-9CBE-8CCD792AB6B5}.Release|Any CPU.ActiveCfg = Release|Any CPU
		{6A3B15EB-4EB5-4218-9CBE-8CCD792AB6B5}.Release|Any CPU.Build.0 = Release|Any CPU
		{95753779-4E4D-4552-9DC7-47CEBCAB41FB}.Debug|Any CPU.ActiveCfg = Debug|Any CPU
		{95753779-4E4D-4552-9DC7-47CEBCAB41FB}.Debug|Any CPU.Build.0 = Debug|Any CPU
		{95753779-4E4D-4552-9DC7-47CEBCAB41FB}.Release|Any CPU.ActiveCfg = Release|Any CPU
		{95753779-4E4D-4552-9DC7-47CEBCAB41FB}.Release|Any CPU.Build.0 = Release|Any CPU
	EndGlobalSection
	GlobalSection(SolutionProperties) = preSolution
		HideSolutionNode = FALSE
	EndGlobalSection
	GlobalSection(ExtensibilityGlobals) = postSolution
		SolutionGuid = {030F5D71-14C9-42F5-935B-4E6B903CA3CE}
	EndGlobalSection
EndGlobal
