
Microsoft Visual Studio Solution File, Format Version 12.00
# Visual Studio Version 17
VisualStudioVersion = 17.5.002.0
MinimumVisualStudioVersion = 10.0.40219.1
Project("{9A19103F-16F7-4668-BE54-9A1E7A4F7556}") = "BankInterface", "BankInterface.csproj", "{9E4CF2C4-5ABC-4269-BFA7-19C16187B837}"
EndProject
Global
	GlobalSection(SolutionConfigurationPlatforms) = preSolution
		Debug|Any CPU = Debug|Any CPU
		Release|Any CPU = Release|Any CPU
	EndGlobalSection
	GlobalSection(ProjectConfigurationPlatforms) = postSolution
		{9E4CF2C4-5ABC-4269-BFA7-19C16187B837}.Debug|Any CPU.ActiveCfg = Debug|Any CPU
		{9E4CF2C4-5ABC-4269-BFA7-19C16187B837}.Debug|Any CPU.Build.0 = Debug|Any CPU
		{9E4CF2C4-5ABC-4269-BFA7-19C16187B837}.Release|Any CPU.ActiveCfg = Release|Any CPU
		{9E4CF2C4-5ABC-4269-BFA7-19C16187B837}.Release|Any CPU.Build.0 = Release|Any CPU
	EndGlobalSection
	GlobalSection(SolutionProperties) = preSolution
		HideSolutionNode = FALSE
	EndGlobalSection
	GlobalSection(ExtensibilityGlobals) = postSolution
		SolutionGuid = {F9041A23-CDBC-4A42-B541-C422DF8ED6DD}
	EndGlobalSection
EndGlobal
