
Microsoft Visual Studio Solution File, Format Version 12.00
# Visual Studio Version 17
VisualStudioVersion = 17.5.002.0
MinimumVisualStudioVersion = 10.0.40219.1
Project("{9A19103F-16F7-4668-BE54-9A1E7A4F7556}") = "ContactDbApp.Console", "ContactDbApp.Console.csproj", "{17512557-7B10-4934-BA72-69795E1FBC4A}"
EndProject
Global
	GlobalSection(SolutionConfigurationPlatforms) = preSolution
		Debug|Any CPU = Debug|Any CPU
		Release|Any CPU = Release|Any CPU
	EndGlobalSection
	GlobalSection(ProjectConfigurationPlatforms) = postSolution
		{17512557-7B10-4934-BA72-69795E1FBC4A}.Debug|Any CPU.ActiveCfg = Debug|Any CPU
		{17512557-7B10-4934-BA72-69795E1FBC4A}.Debug|Any CPU.Build.0 = Debug|Any CPU
		{17512557-7B10-4934-BA72-69795E1FBC4A}.Release|Any CPU.ActiveCfg = Release|Any CPU
		{17512557-7B10-4934-BA72-69795E1FBC4A}.Release|Any CPU.Build.0 = Release|Any CPU
	EndGlobalSection
	GlobalSection(SolutionProperties) = preSolution
		HideSolutionNode = FALSE
	EndGlobalSection
	GlobalSection(ExtensibilityGlobals) = postSolution
		SolutionGuid = {014154E8-5C7E-4A03-A05F-609A726B730C}
	EndGlobalSection
EndGlobal
